
Microsoft Visual Studio Solution File, Format Version 12.00
# Visual Studio 15
VisualStudioVersion = 15.0.27428.2043
MinimumVisualStudioVersion = 10.0.40219.1
Project("{9A19103F-16F7-4668-BE54-9A1E7A4F7556}") = "PerfTest", "PerfTest\PerfTest.csproj", "{CF681D61-A202-496E-9C40-4DCD7057B0D2}"
EndProject
Global
	GlobalSection(SolutionConfigurationPlatforms) = preSolution
		Debug|Any CPU = Debug|Any CPU
		Release|Any CPU = Release|Any CPU
	EndGlobalSection
	GlobalSection(ProjectConfigurationPlatforms) = postSolution
		{CF681D61-A202-496E-9C40-4DCD7057B0D2}.Debug|Any CPU.ActiveCfg = Debug|Any CPU
		{CF681D61-A202-496E-9C40-4DCD7057B0D2}.Debug|Any CPU.Build.0 = Debug|Any CPU
		{CF681D61-A202-496E-9C40-4DCD7057B0D2}.Release|Any CPU.ActiveCfg = Release|Any CPU
		{CF681D61-A202-496E-9C40-4DCD7057B0D2}.Release|Any CPU.Build.0 = Release|Any CPU
	EndGlobalSection
	GlobalSection(SolutionProperties) = preSolution
		HideSolutionNode = FALSE
	EndGlobalSection
	GlobalSection(ExtensibilityGlobals) = postSolution
		SolutionGuid = {69CBC7C6-2260-4632-A9EC-93BAFCC4511C}
	EndGlobalSection
EndGlobal
