
Microsoft Visual Studio Solution File, Format Version 12.00
# Visual Studio 15
VisualStudioVersion = 15.0.27703.2000
MinimumVisualStudioVersion = 10.0.40219.1
Project("{9A19103F-16F7-4668-BE54-9A1E7A4F7556}") = "FiboRESTSync", "FiboRESTSync\FiboRESTSync.csproj", "{FF2BF084-0F3C-464E-9BFB-E4BDF34E613A}"
EndProject
Global
	GlobalSection(SolutionConfigurationPlatforms) = preSolution
		Debug|Any CPU = Debug|Any CPU
		Release|Any CPU = Release|Any CPU
	EndGlobalSection
	GlobalSection(ProjectConfigurationPlatforms) = postSolution
		{FF2BF084-0F3C-464E-9BFB-E4BDF34E613A}.Debug|Any CPU.ActiveCfg = Debug|Any CPU
		{FF2BF084-0F3C-464E-9BFB-E4BDF34E613A}.Debug|Any CPU.Build.0 = Debug|Any CPU
		{FF2BF084-0F3C-464E-9BFB-E4BDF34E613A}.Release|Any CPU.ActiveCfg = Release|Any CPU
		{FF2BF084-0F3C-464E-9BFB-E4BDF34E613A}.Release|Any CPU.Build.0 = Release|Any CPU
	EndGlobalSection
	GlobalSection(SolutionProperties) = preSolution
		HideSolutionNode = FALSE
	EndGlobalSection
	GlobalSection(ExtensibilityGlobals) = postSolution
		SolutionGuid = {5397A063-83D7-44EF-8245-9562198E9037}
	EndGlobalSection
EndGlobal
