
Microsoft Visual Studio Solution File, Format Version 12.00
# Visual Studio 15
VisualStudioVersion = 15.0.27130.2020
MinimumVisualStudioVersion = 10.0.40219.1
Project("{9A19103F-16F7-4668-BE54-9A1E7A4F7556}") = "FibonacciCLI", "FibonacciCLI\FibonacciCLI.csproj", "{E49A227A-1C4F-4C6D-8842-3C9A58A401C5}"
EndProject
Global
	GlobalSection(SolutionConfigurationPlatforms) = preSolution
		Debug|Any CPU = Debug|Any CPU
		Release|Any CPU = Release|Any CPU
	EndGlobalSection
	GlobalSection(ProjectConfigurationPlatforms) = postSolution
		{E49A227A-1C4F-4C6D-8842-3C9A58A401C5}.Debug|Any CPU.ActiveCfg = Debug|Any CPU
		{E49A227A-1C4F-4C6D-8842-3C9A58A401C5}.Debug|Any CPU.Build.0 = Debug|Any CPU
		{E49A227A-1C4F-4C6D-8842-3C9A58A401C5}.Release|Any CPU.ActiveCfg = Release|Any CPU
		{E49A227A-1C4F-4C6D-8842-3C9A58A401C5}.Release|Any CPU.Build.0 = Release|Any CPU
	EndGlobalSection
	GlobalSection(SolutionProperties) = preSolution
		HideSolutionNode = FALSE
	EndGlobalSection
	GlobalSection(ExtensibilityGlobals) = postSolution
		SolutionGuid = {7CD8163C-BF1C-41B1-BE48-AF13D2DF962B}
	EndGlobalSection
EndGlobal
