
Microsoft Visual Studio Solution File, Format Version 12.00
# Visual Studio 2017
Project("{FAE04EC0-301F-11D3-BF4B-00C04F79EFBC}") = "MemoryBound", "MemoryBound.csproj", "{161CB8DF-A700-4D09-BEBC-853C67C4D5DF}"
EndProject
Global
	GlobalSection(SolutionConfigurationPlatforms) = preSolution
		Debug|Any CPU = Debug|Any CPU
		Release|Any CPU = Release|Any CPU
	EndGlobalSection
	GlobalSection(ProjectConfigurationPlatforms) = postSolution
		{161CB8DF-A700-4D09-BEBC-853C67C4D5DF}.Debug|Any CPU.ActiveCfg = Debug|Any CPU
		{161CB8DF-A700-4D09-BEBC-853C67C4D5DF}.Debug|Any CPU.Build.0 = Debug|Any CPU
		{161CB8DF-A700-4D09-BEBC-853C67C4D5DF}.Release|Any CPU.ActiveCfg = Release|Any CPU
		{161CB8DF-A700-4D09-BEBC-853C67C4D5DF}.Release|Any CPU.Build.0 = Release|Any CPU
	EndGlobalSection
EndGlobal
