
Microsoft Visual Studio Solution File, Format Version 12.00
# Visual Studio 15
VisualStudioVersion = 15.0.27703.2000
MinimumVisualStudioVersion = 10.0.40219.1
Project("{FAE04EC0-301F-11D3-BF4B-00C04F79EFBC}") = "PerfClient", "PerfClient\PerfClient.csproj", "{E8883759-5543-433B-BA40-DB1464F07AD9}"
EndProject
Global
	GlobalSection(SolutionConfigurationPlatforms) = preSolution
		Debug|Any CPU = Debug|Any CPU
		Release|Any CPU = Release|Any CPU
	EndGlobalSection
	GlobalSection(ProjectConfigurationPlatforms) = postSolution
		{E8883759-5543-433B-BA40-DB1464F07AD9}.Debug|Any CPU.ActiveCfg = Debug|Any CPU
		{E8883759-5543-433B-BA40-DB1464F07AD9}.Debug|Any CPU.Build.0 = Debug|Any CPU
		{E8883759-5543-433B-BA40-DB1464F07AD9}.Release|Any CPU.ActiveCfg = Release|Any CPU
		{E8883759-5543-433B-BA40-DB1464F07AD9}.Release|Any CPU.Build.0 = Release|Any CPU
	EndGlobalSection
	GlobalSection(SolutionProperties) = preSolution
		HideSolutionNode = FALSE
	EndGlobalSection
	GlobalSection(ExtensibilityGlobals) = postSolution
		SolutionGuid = {290CA28A-90BC-45A8-9B44-A720B5B162FB}
	EndGlobalSection
EndGlobal
